// !$*UTF8*$!
{
	archiveVersion = 1;
	classes = {
	};
	objectVersion = 46;
	objects = {

/* Begin PBXBuildFile section */
		436CFCC2D06B9A3989006441 /* libPods-downPDF.a in Frameworks */ = {isa = PBXBuildFile; fileRef = 152DE98AB8BBF99CDF85E4F9 /* libPods-downPDF.a */; };
		A54834041EB98AEA00B5202E /* main.m in Sources */ = {isa = PBXBuildFile; fileRef = A54834031EB98AEA00B5202E /* main.m */; };
		A54834071EB98AEA00B5202E /* AppDelegate.m in Sources */ = {isa = PBXBuildFile; fileRef = A54834061EB98AEA00B5202E /* AppDelegate.m */; };
		A548340A1EB98AEA00B5202E /* ViewController.m in Sources */ = {isa = PBXBuildFile; fileRef = A54834091EB98AEA00B5202E /* ViewController.m */; };
		A548340D1EB98AEA00B5202E /* Main.storyboard in Resources */ = {isa = PBXBuildFile; fileRef = A548340B1EB98AEA00B5202E /* Main.storyboard */; };
		A548340F1EB98AEA00B5202E /* Assets.xcassets in Resources */ = {isa = PBXBuildFile; fileRef = A548340E1EB98AEA00B5202E /* Assets.xcassets */; };
		A54834121EB98AEA00B5202E /* LaunchScreen.storyboard in Resources */ = {isa = PBXBuildFile; fileRef = A54834101EB98AEA00B5202E /* LaunchScreen.storyboard */; };
		A548341D1EB98AEA00B5202E /* downPDFTests.m in Sources */ = {isa = PBXBuildFile; fileRef = A548341C1EB98AEA00B5202E /* downPDFTests.m */; };
		A54834281EB98AEA00B5202E /* downPDFUITests.m in Sources */ = {isa = PBXBuildFile; fileRef = A54834271EB98AEA00B5202E /* downPDFUITests.m */; };
		A548343A1EB9A5AD00B5202E /* RiderPDFView.m in Sources */ = {isa = PBXBuildFile; fileRef = A54834391EB9A5AD00B5202E /* RiderPDFView.m */; };
		A548343C1EB9B1C600B5202E /* &柏拉图全集1.pdf in Resources */ = {isa = PBXBuildFile; fileRef = A548343B1EB9B1C600B5202E /* &柏拉图全集1.pdf */; };
		A548343F1EB9B21500B5202E /* PDFCollectionViewCell.m in Sources */ = {isa = PBXBuildFile; fileRef = A548343E1EB9B21500B5202E /* PDFCollectionViewCell.m */; };
		A54834421EB9E13000B5202E /* DownPdfManager.m in Sources */ = {isa = PBXBuildFile; fileRef = A54834411EB9E13000B5202E /* DownPdfManager.m */; };
		A54834451EB9E62900B5202E /* PictureViewController.m in Sources */ = {isa = PBXBuildFile; fileRef = A54834441EB9E62900B5202E /* PictureViewController.m */; };
		A54834481EB9ED3C00B5202E /* VideoViewController.m in Sources */ = {isa = PBXBuildFile; fileRef = A54834471EB9ED3C00B5202E /* VideoViewController.m */; };
		A54834551EB9EE0900B5202E /* NSURLSession+TYCorrectedResumeData.m in Sources */ = {isa = PBXBuildFile; fileRef = A548344B1EB9EE0900B5202E /* NSURLSession+TYCorrectedResumeData.m */; };
		A54834561EB9EE0900B5202E /* TYDownLoadDataManager.m in Sources */ = {isa = PBXBuildFile; fileRef = A548344D1EB9EE0900B5202E /* TYDownLoadDataManager.m */; };
		A54834571EB9EE0900B5202E /* TYDownloadModel.m in Sources */ = {isa = PBXBuildFile; fileRef = A54834501EB9EE0900B5202E /* TYDownloadModel.m */; };
		A54834581EB9EE0900B5202E /* TYDownloadSessionManager.m in Sources */ = {isa = PBXBuildFile; fileRef = A54834521EB9EE0900B5202E /* TYDownloadSessionManager.m */; };
		A54834591EB9EE0900B5202E /* TYDownloadUtility.m in Sources */ = {isa = PBXBuildFile; fileRef = A54834541EB9EE0900B5202E /* TYDownloadUtility.m */; };
		A5A88C2E1EC5AAA300912654 /* CLPlayer.bundle in Resources */ = {isa = PBXBuildFile; fileRef = A5A88C271EC5AAA300912654 /* CLPlayer.bundle */; };
		A5A88C2F1EC5AAA300912654 /* CLPlayerMaskView.m in Sources */ = {isa = PBXBuildFile; fileRef = A5A88C291EC5AAA300912654 /* CLPlayerMaskView.m */; };
		A5A88C301EC5AAA300912654 /* CLPlayerView.m in Sources */ = {isa = PBXBuildFile; fileRef = A5A88C2B1EC5AAA300912654 /* CLPlayerView.m */; };
		A5A88C311EC5AAA300912654 /* CLSlider.m in Sources */ = {isa = PBXBuildFile; fileRef = A5A88C2D1EC5AAA300912654 /* CLSlider.m */; };
/* End PBXBuildFile section */

/* Begin PBXContainerItemProxy section */
		A54834191EB98AEA00B5202E /* PBXContainerItemProxy */ = {
			isa = PBXContainerItemProxy;
			containerPortal = A54833F71EB98AEA00B5202E /* Project object */;
			proxyType = 1;
			remoteGlobalIDString = A54833FE1EB98AEA00B5202E;
			remoteInfo = downPDF;
		};
		A54834241EB98AEA00B5202E /* PBXContainerItemProxy */ = {
			isa = PBXContainerItemProxy;
			containerPortal = A54833F71EB98AEA00B5202E /* Project object */;
			proxyType = 1;
			remoteGlobalIDString = A54833FE1EB98AEA00B5202E;
			remoteInfo = downPDF;
		};
/* End PBXContainerItemProxy section */

/* Begin PBXFileReference section */
		152DE98AB8BBF99CDF85E4F9 /* libPods-downPDF.a */ = {isa = PBXFileReference; explicitFileType = archive.ar; includeInIndex = 0; path = "libPods-downPDF.a"; sourceTree = BUILT_PRODUCTS_DIR; };
		1AE385E3FCA25C4A32D3BBBF /* Pods-downPDF.debug.xcconfig */ = {isa = PBXFileReference; includeInIndex = 1; lastKnownFileType = text.xcconfig; name = "Pods-downPDF.debug.xcconfig"; path = "Pods/Target Support Files/Pods-downPDF/Pods-downPDF.debug.xcconfig"; sourceTree = "<group>"; };
		A54833FF1EB98AEA00B5202E /* downPDF.app */ = {isa = PBXFileReference; explicitFileType = wrapper.application; includeInIndex = 0; path = downPDF.app; sourceTree = BUILT_PRODUCTS_DIR; };
		A54834031EB98AEA00B5202E /* main.m */ = {isa = PBXFileReference; lastKnownFileType = sourcecode.c.objc; path = main.m; sourceTree = "<group>"; };
		A54834051EB98AEA00B5202E /* AppDelegate.h */ = {isa = PBXFileReference; lastKnownFileType = sourcecode.c.h; path = AppDelegate.h; sourceTree = "<group>"; };
		A54834061EB98AEA00B5202E /* AppDelegate.m */ = {isa = PBXFileReference; lastKnownFileType = sourcecode.c.objc; path = AppDelegate.m; sourceTree = "<group>"; };
		A54834081EB98AEA00B5202E /* ViewController.h */ = {isa = PBXFileReference; lastKnownFileType = sourcecode.c.h; path = ViewController.h; sourceTree = "<group>"; };
		A54834091EB98AEA00B5202E /* ViewController.m */ = {isa = PBXFileReference; lastKnownFileType = sourcecode.c.objc; path = ViewController.m; sourceTree = "<group>"; };
		A548340C1EB98AEA00B5202E /* Base */ = {isa = PBXFileReference; lastKnownFileType = file.storyboard; name = Base; path = Base.lproj/Main.storyboard; sourceTree = "<group>"; };
		A548340E1EB98AEA00B5202E /* Assets.xcassets */ = {isa = PBXFileReference; lastKnownFileType = folder.assetcatalog; path = Assets.xcassets; sourceTree = "<group>"; };
		A54834111EB98AEA00B5202E /* Base */ = {isa = PBXFileReference; lastKnownFileType = file.storyboard; name = Base; path = Base.lproj/LaunchScreen.storyboard; sourceTree = "<group>"; };
		A54834131EB98AEA00B5202E /* Info.plist */ = {isa = PBXFileReference; lastKnownFileType = text.plist.xml; path = Info.plist; sourceTree = "<group>"; };
		A54834181EB98AEA00B5202E /* downPDFTests.xctest */ = {isa = PBXFileReference; explicitFileType = wrapper.cfbundle; includeInIndex = 0; path = downPDFTests.xctest; sourceTree = BUILT_PRODUCTS_DIR; };
		A548341C1EB98AEA00B5202E /* downPDFTests.m */ = {isa = PBXFileReference; lastKnownFileType = sourcecode.c.objc; path = downPDFTests.m; sourceTree = "<group>"; };
		A548341E1EB98AEA00B5202E /* Info.plist */ = {isa = PBXFileReference; lastKnownFileType = text.plist.xml; path = Info.plist; sourceTree = "<group>"; };
		A54834231EB98AEA00B5202E /* downPDFUITests.xctest */ = {isa = PBXFileReference; explicitFileType = wrapper.cfbundle; includeInIndex = 0; path = downPDFUITests.xctest; sourceTree = BUILT_PRODUCTS_DIR; };
		A54834271EB98AEA00B5202E /* downPDFUITests.m */ = {isa = PBXFileReference; lastKnownFileType = sourcecode.c.objc; path = downPDFUITests.m; sourceTree = "<group>"; };
		A54834291EB98AEA00B5202E /* Info.plist */ = {isa = PBXFileReference; lastKnownFileType = text.plist.xml; path = Info.plist; sourceTree = "<group>"; };
		A54834381EB9A5AD00B5202E /* RiderPDFView.h */ = {isa = PBXFileReference; fileEncoding = 4; lastKnownFileType = sourcecode.c.h; path = RiderPDFView.h; sourceTree = "<group>"; };
		A54834391EB9A5AD00B5202E /* RiderPDFView.m */ = {isa = PBXFileReference; fileEncoding = 4; lastKnownFileType = sourcecode.c.objc; path = RiderPDFView.m; sourceTree = "<group>"; };
		A548343B1EB9B1C600B5202E /* &柏拉图全集1.pdf */ = {isa = PBXFileReference; lastKnownFileType = image.pdf; path = "&柏拉图全集1.pdf"; sourceTree = "<group>"; };
		A548343D1EB9B21500B5202E /* PDFCollectionViewCell.h */ = {isa = PBXFileReference; fileEncoding = 4; lastKnownFileType = sourcecode.c.h; path = PDFCollectionViewCell.h; sourceTree = "<group>"; };
		A548343E1EB9B21500B5202E /* PDFCollectionViewCell.m */ = {isa = PBXFileReference; fileEncoding = 4; lastKnownFileType = sourcecode.c.objc; path = PDFCollectionViewCell.m; sourceTree = "<group>"; };
		A54834401EB9E13000B5202E /* DownPdfManager.h */ = {isa = PBXFileReference; fileEncoding = 4; lastKnownFileType = sourcecode.c.h; path = DownPdfManager.h; sourceTree = "<group>"; };
		A54834411EB9E13000B5202E /* DownPdfManager.m */ = {isa = PBXFileReference; fileEncoding = 4; lastKnownFileType = sourcecode.c.objc; path = DownPdfManager.m; sourceTree = "<group>"; };
		A54834431EB9E62900B5202E /* PictureViewController.h */ = {isa = PBXFileReference; fileEncoding = 4; lastKnownFileType = sourcecode.c.h; path = PictureViewController.h; sourceTree = "<group>"; };
		A54834441EB9E62900B5202E /* PictureViewController.m */ = {isa = PBXFileReference; fileEncoding = 4; lastKnownFileType = sourcecode.c.objc; path = PictureViewController.m; sourceTree = "<group>"; };
		A54834461EB9ED3C00B5202E /* VideoViewController.h */ = {isa = PBXFileReference; fileEncoding = 4; lastKnownFileType = sourcecode.c.h; path = VideoViewController.h; sourceTree = "<group>"; };
		A54834471EB9ED3C00B5202E /* VideoViewController.m */ = {isa = PBXFileReference; fileEncoding = 4; lastKnownFileType = sourcecode.c.objc; path = VideoViewController.m; sourceTree = "<group>"; };
		A548344A1EB9EE0900B5202E /* NSURLSession+TYCorrectedResumeData.h */ = {isa = PBXFileReference; fileEncoding = 4; lastKnownFileType = sourcecode.c.h; path = "NSURLSession+TYCorrectedResumeData.h"; sourceTree = "<group>"; };
		A548344B1EB9EE0900B5202E /* NSURLSession+TYCorrectedResumeData.m */ = {isa = PBXFileReference; fileEncoding = 4; lastKnownFileType = sourcecode.c.objc; path = "NSURLSession+TYCorrectedResumeData.m"; sourceTree = "<group>"; };
		A548344C1EB9EE0900B5202E /* TYDownLoadDataManager.h */ = {isa = PBXFileReference; fileEncoding = 4; lastKnownFileType = sourcecode.c.h; path = TYDownLoadDataManager.h; sourceTree = "<group>"; };
		A548344D1EB9EE0900B5202E /* TYDownLoadDataManager.m */ = {isa = PBXFileReference; fileEncoding = 4; lastKnownFileType = sourcecode.c.objc; path = TYDownLoadDataManager.m; sourceTree = "<group>"; };
		A548344E1EB9EE0900B5202E /* TYDownloadDelegate.h */ = {isa = PBXFileReference; fileEncoding = 4; lastKnownFileType = sourcecode.c.h; path = TYDownloadDelegate.h; sourceTree = "<group>"; };
		A548344F1EB9EE0900B5202E /* TYDownloadModel.h */ = {isa = PBXFileReference; fileEncoding = 4; lastKnownFileType = sourcecode.c.h; path = TYDownloadModel.h; sourceTree = "<group>"; };
		A54834501EB9EE0900B5202E /* TYDownloadModel.m */ = {isa = PBXFileReference; fileEncoding = 4; lastKnownFileType = sourcecode.c.objc; path = TYDownloadModel.m; sourceTree = "<group>"; };
		A54834511EB9EE0900B5202E /* TYDownloadSessionManager.h */ = {isa = PBXFileReference; fileEncoding = 4; lastKnownFileType = sourcecode.c.h; path = TYDownloadSessionManager.h; sourceTree = "<group>"; };
		A54834521EB9EE0900B5202E /* TYDownloadSessionManager.m */ = {isa = PBXFileReference; fileEncoding = 4; lastKnownFileType = sourcecode.c.objc; path = TYDownloadSessionManager.m; sourceTree = "<group>"; };
		A54834531EB9EE0900B5202E /* TYDownloadUtility.h */ = {isa = PBXFileReference; fileEncoding = 4; lastKnownFileType = sourcecode.c.h; path = TYDownloadUtility.h; sourceTree = "<group>"; };
		A54834541EB9EE0900B5202E /* TYDownloadUtility.m */ = {isa = PBXFileReference; fileEncoding = 4; lastKnownFileType = sourcecode.c.objc; path = TYDownloadUtility.m; sourceTree = "<group>"; };
		A5A88C271EC5AAA300912654 /* CLPlayer.bundle */ = {isa = PBXFileReference; lastKnownFileType = "wrapper.plug-in"; path = CLPlayer.bundle; sourceTree = "<group>"; };
		A5A88C281EC5AAA300912654 /* CLPlayerMaskView.h */ = {isa = PBXFileReference; fileEncoding = 4; lastKnownFileType = sourcecode.c.h; path = CLPlayerMaskView.h; sourceTree = "<group>"; };
		A5A88C291EC5AAA300912654 /* CLPlayerMaskView.m */ = {isa = PBXFileReference; fileEncoding = 4; lastKnownFileType = sourcecode.c.objc; path = CLPlayerMaskView.m; sourceTree = "<group>"; };
		A5A88C2A1EC5AAA300912654 /* CLPlayerView.h */ = {isa = PBXFileReference; fileEncoding = 4; lastKnownFileType = sourcecode.c.h; path = CLPlayerView.h; sourceTree = "<group>"; };
		A5A88C2B1EC5AAA300912654 /* CLPlayerView.m */ = {isa = PBXFileReference; fileEncoding = 4; lastKnownFileType = sourcecode.c.objc; path = CLPlayerView.m; sourceTree = "<group>"; };
		A5A88C2C1EC5AAA300912654 /* CLSlider.h */ = {isa = PBXFileReference; fileEncoding = 4; lastKnownFileType = sourcecode.c.h; path = CLSlider.h; sourceTree = "<group>"; };
		A5A88C2D1EC5AAA300912654 /* CLSlider.m */ = {isa = PBXFileReference; fileEncoding = 4; lastKnownFileType = sourcecode.c.objc; path = CLSlider.m; sourceTree = "<group>"; };
		EFB4DD7A9742495C6A9DA408 /* Pods-downPDF.release.xcconfig */ = {isa = PBXFileReference; includeInIndex = 1; lastKnownFileType = text.xcconfig; name = "Pods-downPDF.release.xcconfig"; path = "Pods/Target Support Files/Pods-downPDF/Pods-downPDF.release.xcconfig"; sourceTree = "<group>"; };
/* End PBXFileReference section */

/* Begin PBXFrameworksBuildPhase section */
		A54833FC1EB98AEA00B5202E /* Frameworks */ = {
			isa = PBXFrameworksBuildPhase;
			buildActionMask = 2147483647;
			files = (
				436CFCC2D06B9A3989006441 /* libPods-downPDF.a in Frameworks */,
			);
			runOnlyForDeploymentPostprocessing = 0;
		};
		A54834151EB98AEA00B5202E /* Frameworks */ = {
			isa = PBXFrameworksBuildPhase;
			buildActionMask = 2147483647;
			files = (
			);
			runOnlyForDeploymentPostprocessing = 0;
		};
		A54834201EB98AEA00B5202E /* Frameworks */ = {
			isa = PBXFrameworksBuildPhase;
			buildActionMask = 2147483647;
			files = (
			);
			runOnlyForDeploymentPostprocessing = 0;
		};
/* End PBXFrameworksBuildPhase section */

/* Begin PBXGroup section */
		36839CF151D5E6758C50BA54 /* Pods */ = {
			isa = PBXGroup;
			children = (
				1AE385E3FCA25C4A32D3BBBF /* Pods-downPDF.debug.xcconfig */,
				EFB4DD7A9742495C6A9DA408 /* Pods-downPDF.release.xcconfig */,
			);
			name = Pods;
			sourceTree = "<group>";
		};
		5702C235C6D5F0E10E31660C /* Frameworks */ = {
			isa = PBXGroup;
			children = (
				152DE98AB8BBF99CDF85E4F9 /* libPods-downPDF.a */,
			);
			name = Frameworks;
			sourceTree = "<group>";
		};
		A54833F61EB98AEA00B5202E = {
			isa = PBXGroup;
			children = (
				A54834011EB98AEA00B5202E /* downPDF */,
				A548341B1EB98AEA00B5202E /* downPDFTests */,
				A54834261EB98AEA00B5202E /* downPDFUITests */,
				A54834001EB98AEA00B5202E /* Products */,
				36839CF151D5E6758C50BA54 /* Pods */,
				5702C235C6D5F0E10E31660C /* Frameworks */,
			);
			sourceTree = "<group>";
		};
		A54834001EB98AEA00B5202E /* Products */ = {
			isa = PBXGroup;
			children = (
				A54833FF1EB98AEA00B5202E /* downPDF.app */,
				A54834181EB98AEA00B5202E /* downPDFTests.xctest */,
				A54834231EB98AEA00B5202E /* downPDFUITests.xctest */,
			);
			name = Products;
			sourceTree = "<group>";
		};
		A54834011EB98AEA00B5202E /* downPDF */ = {
			isa = PBXGroup;
			children = (
				A5A88C261EC5AAA300912654 /* CLPlayer */,
				A54834491EB9EE0900B5202E /* TYDownloadManager */,
				A548343B1EB9B1C600B5202E /* &柏拉图全集1.pdf */,
				A54834051EB98AEA00B5202E /* AppDelegate.h */,
				A54834061EB98AEA00B5202E /* AppDelegate.m */,
				A54834081EB98AEA00B5202E /* ViewController.h */,
				A54834091EB98AEA00B5202E /* ViewController.m */,
				A54834431EB9E62900B5202E /* PictureViewController.h */,
				A54834441EB9E62900B5202E /* PictureViewController.m */,
				A54834461EB9ED3C00B5202E /* VideoViewController.h */,
				A54834471EB9ED3C00B5202E /* VideoViewController.m */,
				A548343D1EB9B21500B5202E /* PDFCollectionViewCell.h */,
				A548343E1EB9B21500B5202E /* PDFCollectionViewCell.m */,
				A548340B1EB98AEA00B5202E /* Main.storyboard */,
				A548340E1EB98AEA00B5202E /* Assets.xcassets */,
				A54834101EB98AEA00B5202E /* LaunchScreen.storyboard */,
				A54834131EB98AEA00B5202E /* Info.plist */,
				A54834021EB98AEA00B5202E /* Supporting Files */,
				A54834401EB9E13000B5202E /* DownPdfManager.h */,
				A54834411EB9E13000B5202E /* DownPdfManager.m */,
				A54834381EB9A5AD00B5202E /* RiderPDFView.h */,
				A54834391EB9A5AD00B5202E /* RiderPDFView.m */,
			);
			path = downPDF;
			sourceTree = "<group>";
		};
		A54834021EB98AEA00B5202E /* Supporting Files */ = {
			isa = PBXGroup;
			children = (
				A54834031EB98AEA00B5202E /* main.m */,
			);
			name = "Supporting Files";
			sourceTree = "<group>";
		};
		A548341B1EB98AEA00B5202E /* downPDFTests */ = {
			isa = PBXGroup;
			children = (
				A548341C1EB98AEA00B5202E /* downPDFTests.m */,
				A548341E1EB98AEA00B5202E /* Info.plist */,
			);
			path = downPDFTests;
			sourceTree = "<group>";
		};
		A54834261EB98AEA00B5202E /* downPDFUITests */ = {
			isa = PBXGroup;
			children = (
				A54834271EB98AEA00B5202E /* downPDFUITests.m */,
				A54834291EB98AEA00B5202E /* Info.plist */,
			);
			path = downPDFUITests;
			sourceTree = "<group>";
		};
		A54834491EB9EE0900B5202E /* TYDownloadManager */ = {
			isa = PBXGroup;
			children = (
				A548344A1EB9EE0900B5202E /* NSURLSession+TYCorrectedResumeData.h */,
				A548344B1EB9EE0900B5202E /* NSURLSession+TYCorrectedResumeData.m */,
				A548344C1EB9EE0900B5202E /* TYDownLoadDataManager.h */,
				A548344D1EB9EE0900B5202E /* TYDownLoadDataManager.m */,
				A548344E1EB9EE0900B5202E /* TYDownloadDelegate.h */,
				A548344F1EB9EE0900B5202E /* TYDownloadModel.h */,
				A54834501EB9EE0900B5202E /* TYDownloadModel.m */,
				A54834511EB9EE0900B5202E /* TYDownloadSessionManager.h */,
				A54834521EB9EE0900B5202E /* TYDownloadSessionManager.m */,
				A54834531EB9EE0900B5202E /* TYDownloadUtility.h */,
				A54834541EB9EE0900B5202E /* TYDownloadUtility.m */,
			);
			path = TYDownloadManager;
			sourceTree = "<group>";
		};
		A5A88C261EC5AAA300912654 /* CLPlayer */ = {
			isa = PBXGroup;
			children = (
				A5A88C271EC5AAA300912654 /* CLPlayer.bundle */,
				A5A88C281EC5AAA300912654 /* CLPlayerMaskView.h */,
				A5A88C291EC5AAA300912654 /* CLPlayerMaskView.m */,
				A5A88C2A1EC5AAA300912654 /* CLPlayerView.h */,
				A5A88C2B1EC5AAA300912654 /* CLPlayerView.m */,
				A5A88C2C1EC5AAA300912654 /* CLSlider.h */,
				A5A88C2D1EC5AAA300912654 /* CLSlider.m */,
			);
			path = CLPlayer;
			sourceTree = "<group>";
		};
/* End PBXGroup section */

/* Begin PBXNativeTarget section */
		A54833FE1EB98AEA00B5202E /* downPDF */ = {
			isa = PBXNativeTarget;
			buildConfigurationList = A548342C1EB98AEA00B5202E /* Build configuration list for PBXNativeTarget "downPDF" */;
			buildPhases = (
				A26C3DBAEF55293238D879E6 /* [CP] Check Pods Manifest.lock */,
				A54833FB1EB98AEA00B5202E /* Sources */,
				A54833FC1EB98AEA00B5202E /* Frameworks */,
				A54833FD1EB98AEA00B5202E /* Resources */,
				F31506480DEA898A3DF72807 /* [CP] Embed Pods Frameworks */,
				D60A686E4CD49B98DB838C87 /* [CP] Copy Pods Resources */,
			);
			buildRules = (
			);
			dependencies = (
			);
			name = downPDF;
			productName = downPDF;
			productReference = A54833FF1EB98AEA00B5202E /* downPDF.app */;
			productType = "com.apple.product-type.application";
		};
		A54834171EB98AEA00B5202E /* downPDFTests */ = {
			isa = PBXNativeTarget;
			buildConfigurationList = A548342F1EB98AEA00B5202E /* Build configuration list for PBXNativeTarget "downPDFTests" */;
			buildPhases = (
				A54834141EB98AEA00B5202E /* Sources */,
				A54834151EB98AEA00B5202E /* Frameworks */,
				A54834161EB98AEA00B5202E /* Resources */,
			);
			buildRules = (
			);
			dependencies = (
				A548341A1EB98AEA00B5202E /* PBXTargetDependency */,
			);
			name = downPDFTests;
			productName = downPDFTests;
			productReference = A54834181EB98AEA00B5202E /* downPDFTests.xctest */;
			productType = "com.apple.product-type.bundle.unit-test";
		};
		A54834221EB98AEA00B5202E /* downPDFUITests */ = {
			isa = PBXNativeTarget;
			buildConfigurationList = A54834321EB98AEA00B5202E /* Build configuration list for PBXNativeTarget "downPDFUITests" */;
			buildPhases = (
				A548341F1EB98AEA00B5202E /* Sources */,
				A54834201EB98AEA00B5202E /* Frameworks */,
				A54834211EB98AEA00B5202E /* Resources */,
			);
			buildRules = (
			);
			dependencies = (
				A54834251EB98AEA00B5202E /* PBXTargetDependency */,
			);
			name = downPDFUITests;
			productName = downPDFUITests;
			productReference = A54834231EB98AEA00B5202E /* downPDFUITests.xctest */;
			productType = "com.apple.product-type.bundle.ui-testing";
		};
/* End PBXNativeTarget section */

/* Begin PBXProject section */
		A54833F71EB98AEA00B5202E /* Project object */ = {
			isa = PBXProject;
			attributes = {
				LastUpgradeCheck = 0830;
				ORGANIZATIONNAME = "姚志飞";
				TargetAttributes = {
					A54833FE1EB98AEA00B5202E = {
						CreatedOnToolsVersion = 8.3;
						DevelopmentTeam = 96M5VRLH2S;
						ProvisioningStyle = Manual;
					};
					A54834171EB98AEA00B5202E = {
						CreatedOnToolsVersion = 8.3;
						DevelopmentTeam = 7JD89L35V4;
						ProvisioningStyle = Automatic;
						TestTargetID = A54833FE1EB98AEA00B5202E;
					};
					A54834221EB98AEA00B5202E = {
						CreatedOnToolsVersion = 8.3;
						DevelopmentTeam = 7JD89L35V4;
						ProvisioningStyle = Automatic;
						TestTargetID = A54833FE1EB98AEA00B5202E;
					};
				};
			};
			buildConfigurationList = A54833FA1EB98AEA00B5202E /* Build configuration list for PBXProject "downPDF" */;
			compatibilityVersion = "Xcode 3.2";
			developmentRegion = English;
			hasScannedForEncodings = 0;
			knownRegions = (
				en,
				Base,
			);
			mainGroup = A54833F61EB98AEA00B5202E;
			productRefGroup = A54834001EB98AEA00B5202E /* Products */;
			projectDirPath = "";
			projectRoot = "";
			targets = (
				A54833FE1EB98AEA00B5202E /* downPDF */,
				A54834171EB98AEA00B5202E /* downPDFTests */,
				A54834221EB98AEA00B5202E /* downPDFUITests */,
			);
		};
/* End PBXProject section */

/* Begin PBXResourcesBuildPhase section */
		A54833FD1EB98AEA00B5202E /* Resources */ = {
			isa = PBXResourcesBuildPhase;
			buildActionMask = 2147483647;
			files = (
				A54834121EB98AEA00B5202E /* LaunchScreen.storyboard in Resources */,
				A548340F1EB98AEA00B5202E /* Assets.xcassets in Resources */,
				A548343C1EB9B1C600B5202E /* &柏拉图全集1.pdf in Resources */,
				A5A88C2E1EC5AAA300912654 /* CLPlayer.bundle in Resources */,
				A548340D1EB98AEA00B5202E /* Main.storyboard in Resources */,
			);
			runOnlyForDeploymentPostprocessing = 0;
		};
		A54834161EB98AEA00B5202E /* Resources */ = {
			isa = PBXResourcesBuildPhase;
			buildActionMask = 2147483647;
			files = (
			);
			runOnlyForDeploymentPostprocessing = 0;
		};
		A54834211EB98AEA00B5202E /* Resources */ = {
			isa = PBXResourcesBuildPhase;
			buildActionMask = 2147483647;
			files = (
			);
			runOnlyForDeploymentPostprocessing = 0;
		};
/* End PBXResourcesBuildPhase section */

/* Begin PBXShellScriptBuildPhase section */
		A26C3DBAEF55293238D879E6 /* [CP] Check Pods Manifest.lock */ = {
			isa = PBXShellScriptBuildPhase;
			buildActionMask = 2147483647;
			files = (
			);
			inputPaths = (
			);
			name = "[CP] Check Pods Manifest.lock";
			outputPaths = (
			);
			runOnlyForDeploymentPostprocessing = 0;
			shellPath = /bin/sh;
			shellScript = "diff \"${PODS_ROOT}/../Podfile.lock\" \"${PODS_ROOT}/Manifest.lock\" > /dev/null\nif [ $? != 0 ] ; then\n    # print error to STDERR\n    echo \"error: The sandbox is not in sync with the Podfile.lock. Run 'pod install' or update your CocoaPods installation.\" >&2\n    exit 1\nfi\n";
			showEnvVarsInLog = 0;
		};
		D60A686E4CD49B98DB838C87 /* [CP] Copy Pods Resources */ = {
			isa = PBXShellScriptBuildPhase;
			buildActionMask = 2147483647;
			files = (
			);
			inputPaths = (
			);
			name = "[CP] Copy Pods Resources";
			outputPaths = (
			);
			runOnlyForDeploymentPostprocessing = 0;
			shellPath = /bin/sh;
			shellScript = "\"${SRCROOT}/Pods/Target Support Files/Pods-downPDF/Pods-downPDF-resources.sh\"\n";
			showEnvVarsInLog = 0;
		};
		F31506480DEA898A3DF72807 /* [CP] Embed Pods Frameworks */ = {
			isa = PBXShellScriptBuildPhase;
			buildActionMask = 2147483647;
			files = (
			);
			inputPaths = (
			);
			name = "[CP] Embed Pods Frameworks";
			outputPaths = (
			);
			runOnlyForDeploymentPostprocessing = 0;
			shellPath = /bin/sh;
			shellScript = "\"${SRCROOT}/Pods/Target Support Files/Pods-downPDF/Pods-downPDF-frameworks.sh\"\n";
			showEnvVarsInLog = 0;
		};
/* End PBXShellScriptBuildPhase section */

/* Begin PBXSourcesBuildPhase section */
		A54833FB1EB98AEA00B5202E /* Sources */ = {
			isa = PBXSourcesBuildPhase;
			buildActionMask = 2147483647;
			files = (
				A54834571EB9EE0900B5202E /* TYDownloadModel.m in Sources */,
				A548340A1EB98AEA00B5202E /* ViewController.m in Sources */,
				A54834421EB9E13000B5202E /* DownPdfManager.m in Sources */,
				A548343A1EB9A5AD00B5202E /* RiderPDFView.m in Sources */,
				A54834451EB9E62900B5202E /* PictureViewController.m in Sources */,
				A54834561EB9EE0900B5202E /* TYDownLoadDataManager.m in Sources */,
				A5A88C2F1EC5AAA300912654 /* CLPlayerMaskView.m in Sources */,
				A5A88C311EC5AAA300912654 /* CLSlider.m in Sources */,
				A548343F1EB9B21500B5202E /* PDFCollectionViewCell.m in Sources */,
				A54834551EB9EE0900B5202E /* NSURLSession+TYCorrectedResumeData.m in Sources */,
				A54834071EB98AEA00B5202E /* AppDelegate.m in Sources */,
				A54834581EB9EE0900B5202E /* TYDownloadSessionManager.m in Sources */,
				A54834481EB9ED3C00B5202E /* VideoViewController.m in Sources */,
				A54834591EB9EE0900B5202E /* TYDownloadUtility.m in Sources */,
				A5A88C301EC5AAA300912654 /* CLPlayerView.m in Sources */,
				A54834041EB98AEA00B5202E /* main.m in Sources */,
			);
			runOnlyForDeploymentPostprocessing = 0;
		};
		A54834141EB98AEA00B5202E /* Sources */ = {
			isa = PBXSourcesBuildPhase;
			buildActionMask = 2147483647;
			files = (
				A548341D1EB98AEA00B5202E /* downPDFTests.m in Sources */,
			);
			runOnlyForDeploymentPostprocessing = 0;
		};
		A548341F1EB98AEA00B5202E /* Sources */ = {
			isa = PBXSourcesBuildPhase;
			buildActionMask = 2147483647;
			files = (
				A54834281EB98AEA00B5202E /* downPDFUITests.m in Sources */,
			);
			runOnlyForDeploymentPostprocessing = 0;
		};
/* End PBXSourcesBuildPhase section */

/* Begin PBXTargetDependency section */
		A548341A1EB98AEA00B5202E /* PBXTargetDependency */ = {
			isa = PBXTargetDependency;
			target = A54833FE1EB98AEA00B5202E /* downPDF */;
			targetProxy = A54834191EB98AEA00B5202E /* PBXContainerItemProxy */;
		};
		A54834251EB98AEA00B5202E /* PBXTargetDependency */ = {
			isa = PBXTargetDependency;
			target = A54833FE1EB98AEA00B5202E /* downPDF */;
			targetProxy = A54834241EB98AEA00B5202E /* PBXContainerItemProxy */;
		};
/* End PBXTargetDependency section */

/* Begin PBXVariantGroup section */
		A548340B1EB98AEA00B5202E /* Main.storyboard */ = {
			isa = PBXVariantGroup;
			children = (
				A548340C1EB98AEA00B5202E /* Base */,
			);
			name = Main.storyboard;
			sourceTree = "<group>";
		};
		A54834101EB98AEA00B5202E /* LaunchScreen.storyboard */ = {
			isa = PBXVariantGroup;
			children = (
				A54834111EB98AEA00B5202E /* Base */,
			);
			name = LaunchScreen.storyboard;
			sourceTree = "<group>";
		};
/* End PBXVariantGroup section */

/* Begin XCBuildConfiguration section */
		A548342A1EB98AEA00B5202E /* Debug */ = {
			isa = XCBuildConfiguration;
			buildSettings = {
				ALWAYS_SEARCH_USER_PATHS = NO;
				CLANG_ANALYZER_NONNULL = YES;
				CLANG_ANALYZER_NUMBER_OBJECT_CONVERSION = YES_AGGRESSIVE;
				CLANG_CXX_LANGUAGE_STANDARD = "gnu++0x";
				CLANG_CXX_LIBRARY = "libc++";
				CLANG_ENABLE_MODULES = YES;
				CLANG_ENABLE_OBJC_ARC = YES;
				CLANG_WARN_BOOL_CONVERSION = YES;
				CLANG_WARN_CONSTANT_CONVERSION = YES;
				CLANG_WARN_DIRECT_OBJC_ISA_USAGE = YES_ERROR;
				CLANG_WARN_DOCUMENTATION_COMMENTS = YES;
				CLANG_WARN_EMPTY_BODY = YES;
				CLANG_WARN_ENUM_CONVERSION = YES;
				CLANG_WARN_INFINITE_RECURSION = YES;
				CLANG_WARN_INT_CONVERSION = YES;
				CLANG_WARN_OBJC_ROOT_CLASS = YES_ERROR;
				CLANG_WARN_SUSPICIOUS_MOVE = YES;
				CLANG_WARN_UNREACHABLE_CODE = YES;
				CLANG_WARN__DUPLICATE_METHOD_MATCH = YES;
				"CODE_SIGN_IDENTITY[sdk=iphoneos*]" = "iPhone Developer";
				COPY_PHASE_STRIP = NO;
				DEBUG_INFORMATION_FORMAT = dwarf;
				ENABLE_STRICT_OBJC_MSGSEND = YES;
				ENABLE_TESTABILITY = YES;
				GCC_C_LANGUAGE_STANDARD = gnu99;
				GCC_DYNAMIC_NO_PIC = NO;
				GCC_NO_COMMON_BLOCKS = YES;
				GCC_OPTIMIZATION_LEVEL = 0;
				GCC_PREPROCESSOR_DEFINITIONS = (
					"DEBUG=1",
					"$(inherited)",
				);
				GCC_WARN_64_TO_32_BIT_CONVERSION = YES;
				GCC_WARN_ABOUT_RETURN_TYPE = YES_ERROR;
				GCC_WARN_UNDECLARED_SELECTOR = YES;
				GCC_WARN_UNINITIALIZED_AUTOS = YES_AGGRESSIVE;
				GCC_WARN_UNUSED_FUNCTION = YES;
				GCC_WARN_UNUSED_VARIABLE = YES;
				IPHONEOS_DEPLOYMENT_TARGET = 10.3;
				MTL_ENABLE_DEBUG_INFO = YES;
				ONLY_ACTIVE_ARCH = YES;
				SDKROOT = iphoneos;
			};
			name = Debug;
		};
		A548342B1EB98AEA00B5202E /* Release */ = {
			isa = XCBuildConfiguration;
			buildSettings = {
				ALWAYS_SEARCH_USER_PATHS = NO;
				CLANG_ANALYZER_NONNULL = YES;
				CLANG_ANALYZER_NUMBER_OBJECT_CONVERSION = YES_AGGRESSIVE;
				CLANG_CXX_LANGUAGE_STANDARD = "gnu++0x";
				CLANG_CXX_LIBRARY = "libc++";
				CLANG_ENABLE_MODULES = YES;
				CLANG_ENABLE_OBJC_ARC = YES;
				CLANG_WARN_BOOL_CONVERSION = YES;
				CLANG_WARN_CONSTANT_CONVERSION = YES;
				CLANG_WARN_DIRECT_OBJC_ISA_USAGE = YES_ERROR;
				CLANG_WARN_DOCUMENTATION_COMMENTS = YES;
				CLANG_WARN_EMPTY_BODY = YES;
				CLANG_WARN_ENUM_CONVERSION = YES;
				CLANG_WARN_INFINITE_RECURSION = YES;
				CLANG_WARN_INT_CONVERSION = YES;
				CLANG_WARN_OBJC_ROOT_CLASS = YES_ERROR;
				CLANG_WARN_SUSPICIOUS_MOVE = YES;
				CLANG_WARN_UNREACHABLE_CODE = YES;
				CLANG_WARN__DUPLICATE_METHOD_MATCH = YES;
				"CODE_SIGN_IDENTITY[sdk=iphoneos*]" = "iPhone Developer";
				COPY_PHASE_STRIP = NO;
				DEBUG_INFORMATION_FORMAT = "dwarf-with-dsym";
				ENABLE_NS_ASSERTIONS = NO;
				ENABLE_STRICT_OBJC_MSGSEND = YES;
				GCC_C_LANGUAGE_STANDARD = gnu99;
				GCC_NO_COMMON_BLOCKS = YES;
				GCC_WARN_64_TO_32_BIT_CONVERSION = YES;
				GCC_WARN_ABOUT_RETURN_TYPE = YES_ERROR;
				GCC_WARN_UNDECLARED_SELECTOR = YES;
				GCC_WARN_UNINITIALIZED_AUTOS = YES_AGGRESSIVE;
				GCC_WARN_UNUSED_FUNCTION = YES;
				GCC_WARN_UNUSED_VARIABLE = YES;
				IPHONEOS_DEPLOYMENT_TARGET = 10.3;
				MTL_ENABLE_DEBUG_INFO = NO;
				SDKROOT = iphoneos;
				VALIDATE_PRODUCT = YES;
			};
			name = Release;
		};
		A548342D1EB98AEA00B5202E /* Debug */ = {
			isa = XCBuildConfiguration;
			baseConfigurationReference = 1AE385E3FCA25C4A32D3BBBF /* Pods-downPDF.debug.xcconfig */;
			buildSettings = {
				ASSETCATALOG_COMPILER_APPICON_NAME = AppIcon;
				DEVELOPMENT_TEAM = 96M5VRLH2S;
				INFOPLIST_FILE = downPDF/Info.plist;
				IPHONEOS_DEPLOYMENT_TARGET = 8.0;
				LD_RUNPATH_SEARCH_PATHS = "$(inherited) @executable_path/Frameworks";
				PRODUCT_BUNDLE_IDENTIFIER = com.hengqinlife.insurance.enterprise;
				PRODUCT_NAME = "$(TARGET_NAME)";
				PROVISIONING_PROFILE = "be9ee7a6-08b0-4904-a7bd-13c49e82ffd7";
				PROVISIONING_PROFILE_SPECIFIER = "ent-dev-za";
			};
			name = Debug;
		};
		A548342E1EB98AEA00B5202E /* Release */ = {
			isa = XCBuildConfiguration;
			baseConfigurationReference = EFB4DD7A9742495C6A9DA408 /* Pods-downPDF.release.xcconfig */;
			buildSettings = {
				ASSETCATALOG_COMPILER_APPICON_NAME = AppIcon;
				DEVELOPMENT_TEAM = 96M5VRLH2S;
				INFOPLIST_FILE = downPDF/Info.plist;
				IPHONEOS_DEPLOYMENT_TARGET = 8.0;
				LD_RUNPATH_SEARCH_PATHS = "$(inherited) @executable_path/Frameworks";
				PRODUCT_BUNDLE_IDENTIFIER = com.hengqinlife.insurance.enterprise;
				PRODUCT_NAME = "$(TARGET_NAME)";
				PROVISIONING_PROFILE = "be9ee7a6-08b0-4904-a7bd-13c49e82ffd7";
				PROVISIONING_PROFILE_SPECIFIER = "ent-dev-za";
			};
			name = Release;
		};
		A54834301EB98AEA00B5202E /* Debug */ = {
			isa = XCBuildConfiguration;
			buildSettings = {
				BUNDLE_LOADER = "$(TEST_HOST)";
				DEVELOPMENT_TEAM = 7JD89L35V4;
				INFOPLIST_FILE = downPDFTests/Info.plist;
				LD_RUNPATH_SEARCH_PATHS = "$(inherited) @executable_path/Frameworks @loader_path/Frameworks";
				PRODUCT_BUNDLE_IDENTIFIER = yf.downPDFTests;
				PRODUCT_NAME = "$(TARGET_NAME)";
				TEST_HOST = "$(BUILT_PRODUCTS_DIR)/downPDF.app/downPDF";
			};
			name = Debug;
		};
		A54834311EB98AEA00B5202E /* Release */ = {
			isa = XCBuildConfiguration;
			buildSettings = {
				BUNDLE_LOADER = "$(TEST_HOST)";
				DEVELOPMENT_TEAM = 7JD89L35V4;
				INFOPLIST_FILE = downPDFTests/Info.plist;
				LD_RUNPATH_SEARCH_PATHS = "$(inherited) @executable_path/Frameworks @loader_path/Frameworks";
				PRODUCT_BUNDLE_IDENTIFIER = yf.downPDFTests;
				PRODUCT_NAME = "$(TARGET_NAME)";
				TEST_HOST = "$(BUILT_PRODUCTS_DIR)/downPDF.app/downPDF";
			};
			name = Release;
		};
		A54834331EB98AEA00B5202E /* Debug */ = {
			isa = XCBuildConfiguration;
			buildSettings = {
				DEVELOPMENT_TEAM = 7JD89L35V4;
				INFOPLIST_FILE = downPDFUITests/Info.plist;
				LD_RUNPATH_SEARCH_PATHS = "$(inherited) @executable_path/Frameworks @loader_path/Frameworks";
				PRODUCT_BUNDLE_IDENTIFIER = yf.downPDFUITests;
				PRODUCT_NAME = "$(TARGET_NAME)";
				TEST_TARGET_NAME = downPDF;
			};
			name = Debug;
		};
		A54834341EB98AEA00B5202E /* Release */ = {
			isa = XCBuildConfiguration;
			buildSettings = {
				DEVELOPMENT_TEAM = 7JD89L35V4;
				INFOPLIST_FILE = downPDFUITests/Info.plist;
				LD_RUNPATH_SEARCH_PATHS = "$(inherited) @executable_path/Frameworks @loader_path/Frameworks";
				PRODUCT_BUNDLE_IDENTIFIER = yf.downPDFUITests;
				PRODUCT_NAME = "$(TARGET_NAME)";
				TEST_TARGET_NAME = downPDF;
			};
			name = Release;
		};
/* End XCBuildConfiguration section */

/* Begin XCConfigurationList section */
		A54833FA1EB98AEA00B5202E /* Build configuration list for PBXProject "downPDF" */ = {
			isa = XCConfigurationList;
			buildConfigurations = (
				A548342A1EB98AEA00B5202E /* Debug */,
				A548342B1EB98AEA00B5202E /* Release */,
			);
			defaultConfigurationIsVisible = 0;
			defaultConfigurationName = Release;
		};
		A548342C1EB98AEA00B5202E /* Build configuration list for PBXNativeTarget "downPDF" */ = {
			isa = XCConfigurationList;
			buildConfigurations = (
				A548342D1EB98AEA00B5202E /* Debug */,
				A548342E1EB98AEA00B5202E /* Release */,
			);
			defaultConfigurationIsVisible = 0;
			defaultConfigurationName = Release;
		};
		A548342F1EB98AEA00B5202E /* Build configuration list for PBXNativeTarget "downPDFTests" */ = {
			isa = XCConfigurationList;
			buildConfigurations = (
				A54834301EB98AEA00B5202E /* Debug */,
				A54834311EB98AEA00B5202E /* Release */,
			);
			defaultConfigurationIsVisible = 0;
			defaultConfigurationName = Release;
		};
		A54834321EB98AEA00B5202E /* Build configuration list for PBXNativeTarget "downPDFUITests" */ = {
			isa = XCConfigurationList;
			buildConfigurations = (
				A54834331EB98AEA00B5202E /* Debug */,
				A54834341EB98AEA00B5202E /* Release */,
			);
			defaultConfigurationIsVisible = 0;
			defaultConfigurationName = Release;
		};
/* End XCConfigurationList section */
	};
	rootObject = A54833F71EB98AEA00B5202E /* Project object */;
}
